
Microsoft Visual Studio Solution File, Format Version 12.00
# Visual Studio Version 17
VisualStudioVersion = 17.8.34601.278
MinimumVisualStudioVersion = 10.0.40219.1
Project("{FAE04EC0-301F-11D3-BF4B-00C04F79EFBC}") = "versore", "versore\versore.csproj", "{A75B76B8-2420-4932-8535-726F7ED116E9}"
EndProject
Global
	GlobalSection(SolutionConfigurationPlatforms) = preSolution
		Debug|Any CPU = Debug|Any CPU
		Release|Any CPU = Release|Any CPU
	EndGlobalSection
	GlobalSection(ProjectConfigurationPlatforms) = postSolution
		{A75B76B8-2420-4932-8535-726F7ED116E9}.Debug|Any CPU.ActiveCfg = Debug|Any CPU
		{A75B76B8-2420-4932-8535-726F7ED116E9}.Debug|Any CPU.Build.0 = Debug|Any CPU
		{A75B76B8-2420-4932-8535-726F7ED116E9}.Release|Any CPU.ActiveCfg = Release|Any CPU
		{A75B76B8-2420-4932-8535-726F7ED116E9}.Release|Any CPU.Build.0 = Release|Any CPU
	EndGlobalSection
	GlobalSection(SolutionProperties) = preSolution
		HideSolutionNode = FALSE
	EndGlobalSection
	GlobalSection(ExtensibilityGlobals) = postSolution
		SolutionGuid = {47216EC2-0C48-4E1A-B49B-9F8A517633E4}
	EndGlobalSection
EndGlobal
